
Microsoft Visual Studio Solution File, Format Version 12.00
# Visual Studio Version 16
VisualStudioVersion = 16.0.30804.86
MinimumVisualStudioVersion = 10.0.40219.1
Project("{9A19103F-16F7-4668-BE54-9A1E7A4F7556}") = "TP8", "TP8\TP8.csproj", "{BB3FE64C-FFAF-4416-8847-E140CD788948}"
EndProject
Project("{FAE04EC0-301F-11D3-BF4B-00C04F79EFBC}") = "XUnitTestProject", "XUnitTestProject\XUnitTestProject.csproj", "{BB12C471-A851-455B-A460-9B2A9B5743F6}"
EndProject
Global
	GlobalSection(SolutionConfigurationPlatforms) = preSolution
		Debug|Any CPU = Debug|Any CPU
		Release|Any CPU = Release|Any CPU
	EndGlobalSection
	GlobalSection(ProjectConfigurationPlatforms) = postSolution
		{BB3FE64C-FFAF-4416-8847-E140CD788948}.Debug|Any CPU.ActiveCfg = Debug|Any CPU
		{BB3FE64C-FFAF-4416-8847-E140CD788948}.Debug|Any CPU.Build.0 = Debug|Any CPU
		{BB3FE64C-FFAF-4416-8847-E140CD788948}.Release|Any CPU.ActiveCfg = Release|Any CPU
		{BB3FE64C-FFAF-4416-8847-E140CD788948}.Release|Any CPU.Build.0 = Release|Any CPU
		{BB12C471-A851-455B-A460-9B2A9B5743F6}.Debug|Any CPU.ActiveCfg = Debug|Any CPU
		{BB12C471-A851-455B-A460-9B2A9B5743F6}.Debug|Any CPU.Build.0 = Debug|Any CPU
		{BB12C471-A851-455B-A460-9B2A9B5743F6}.Release|Any CPU.ActiveCfg = Release|Any CPU
		{BB12C471-A851-455B-A460-9B2A9B5743F6}.Release|Any CPU.Build.0 = Release|Any CPU
	EndGlobalSection
	GlobalSection(SolutionProperties) = preSolution
		HideSolutionNode = FALSE
	EndGlobalSection
	GlobalSection(ExtensibilityGlobals) = postSolution
		SolutionGuid = {62CAA1FE-503C-4E0E-A68A-FC557034790B}
	EndGlobalSection
EndGlobal
